{
  "name": "test",
  "lockfileVersion": 3,
  "requires": true,
  "packages": {
    "": {
      "dependencies": {
        "lib": "file:../lib",
        "pareto-core-dev": "^0.12.0",
        "pareto-host-nodejs": "^0.2.0"
      }
    },
    "../lib": {
      "name": "pareto-untyped-syntax-tree-api",
      "version": "0.1.1",
      "license": "Apache-2.0",
      "dependencies": {
        "pareto-core": "^0.1.0",
        "pareto-fountain-pen": "^0.4.0"
      },
      "engines": {
        "node": ">=14.0.0"
      }
    },
    "node_modules/lib": {
      "resolved": "../lib",
      "link": true
    },
    "node_modules/pareto-application-api": {
      "version": "0.1.2",
      "resolved": "https://registry.npmjs.org/pareto-application-api/-/pareto-application-api-0.1.2.tgz",
      "integrity": "sha512-eq5O5lF0PjP6UWnIEuUVc4B6CeZEHUqAL6xSLPH85Y8wdkP7M3pvTK8i07tpSDLMQ9CJqZ5eIOYhYxXOSGSD4w==",
      "license": "Apache-2.0",
      "dependencies": {
        "pareto-core": "^0.1.0"
      }
    },
    "node_modules/pareto-core": {
      "version": "0.1.251",
      "resolved": "https://registry.npmjs.org/pareto-core/-/pareto-core-0.1.251.tgz",
      "integrity": "sha512-iFeCxrVkpvSNFX0+eo+350tmpKP3EBoLcKvDg1aMgYrms9lsOPEfvemjCtI2bnrf/8nhoCUl0mMcW3aY9AmXpA==",
      "license": "Apache-2.0"
    },
    "node_modules/pareto-core-dev": {
      "version": "0.12.21",
      "resolved": "https://registry.npmjs.org/pareto-core-dev/-/pareto-core-dev-0.12.21.tgz",
      "integrity": "sha512-swnciQd/l1CAzHMF705J2aTxcwXaEdZLF3tOO2FzKLTziOZ3dewM52mtJQydPQ9QpO7vnucxZcFo/FuPjHY0FQ==",
      "license": "Apache-2.0",
      "dependencies": {
        "pareto-core": "^0.1.0"
      }
    },
    "node_modules/pareto-host-nodejs": {
      "version": "0.2.91",
      "resolved": "https://registry.npmjs.org/pareto-host-nodejs/-/pareto-host-nodejs-0.2.91.tgz",
      "integrity": "sha512-6VJmiIfD05/pbfD2MVhn/KmR1vela4zfkCTVSifuweG9drL2yA1irM3yZxZgoqu53WJAcR4m2txvYhPBaDaqGQ==",
      "license": "Apache-2.0",
      "dependencies": {
        "pareto-application-api": "^0.1.0"
      }
    }
  }
}
