{
  "name": "test",
  "lockfileVersion": 3,
  "requires": true,
  "packages": {
    "": {
      "dependencies": {
        "lib": "file:../lib",
        "pareto-core-dev": "^0.12.0",
        "pareto-host-nodejs": "^0.2.0"
      }
    },
    "../lib": {
      "name": "pareto-untyped-syntax-tree-api",
      "version": "0.1.1",
      "license": "Apache-2.0",
      "dependencies": {
        "pareto-core": "^0.1.0",
        "pareto-fountain-pen": "^0.4.0"
      },
      "engines": {
        "node": ">=14.0.0"
      }
    },
    "node_modules/astn-core": {
      "version": "0.5.126",
      "resolved": "https://registry.npmjs.org/astn-core/-/astn-core-0.5.126.tgz",
      "integrity": "sha512-CdnYB8wN+BOk0g+UUC2pEbtdqZvPsACRuEMqp5ljW/tRgSjrR3PzOgQ34u1XQlhTkypcfnENBMlPFnjMMMDbJw==",
      "license": "Apache-2.0",
      "dependencies": {
        "pareto-core": "^0.1.0",
        "pareto-fountain-pen": "^0.4.0"
      }
    },
    "node_modules/liana-core": {
      "version": "0.1.34",
      "resolved": "https://registry.npmjs.org/liana-core/-/liana-core-0.1.34.tgz",
      "integrity": "sha512-2awRhnbEGrb7fiiUBzMsQgmgyH/yBjb+ZlZmu2ImlU9/8mhrKfuab1btNwgvmEgITqTwzFV/OjI06a4/YNHVbA==",
      "license": "Apache-2.0",
      "dependencies": {
        "astn-core": "^0.5.0",
        "pareto-core": "^0.1.0"
      }
    },
    "node_modules/lib": {
      "resolved": "../lib",
      "link": true
    },
    "node_modules/pareto-core": {
      "version": "0.1.249",
      "resolved": "https://registry.npmjs.org/pareto-core/-/pareto-core-0.1.249.tgz",
      "integrity": "sha512-wFQsFDzZ/3wEM7xD/URm8yDEEPO9CJEhOF8u9K2DJahrk8cVK37wCnbNydnRW4hQ+cUr3q6sX/H5JvqelzyHbQ==",
      "license": "Apache-2.0"
    },
    "node_modules/pareto-core-dev": {
      "version": "0.12.21",
      "resolved": "https://registry.npmjs.org/pareto-core-dev/-/pareto-core-dev-0.12.21.tgz",
      "integrity": "sha512-swnciQd/l1CAzHMF705J2aTxcwXaEdZLF3tOO2FzKLTziOZ3dewM52mtJQydPQ9QpO7vnucxZcFo/FuPjHY0FQ==",
      "license": "Apache-2.0",
      "dependencies": {
        "pareto-core": "^0.1.0"
      }
    },
    "node_modules/pareto-core-shorthands": {
      "version": "0.2.55",
      "resolved": "https://registry.npmjs.org/pareto-core-shorthands/-/pareto-core-shorthands-0.2.55.tgz",
      "integrity": "sha512-PU0X3xm3gdJGRCdomXSERTgDtMhTDTL5bTWNkZti9m+W1Vt4hZ0IujTrugA2YR61vW/hnQZeBR/Fqc1YzhvhPQ==",
      "license": "Apache-2.0",
      "dependencies": {
        "liana-core": "^0.1.0",
        "pareto-core": "^0.1.0"
      }
    },
    "node_modules/pareto-fountain-pen": {
      "version": "0.4.79",
      "resolved": "https://registry.npmjs.org/pareto-fountain-pen/-/pareto-fountain-pen-0.4.79.tgz",
      "integrity": "sha512-3i0nihPhPiIoFKpSFvHGww+MWvnL0r3SPdd5FZRJIZCJokjCvIr81O7O1hNz5N/HsyHjEthMAMVbQ1YPSZZsYQ==",
      "license": "Apache-2.0",
      "dependencies": {
        "pareto-core": "^0.1.0",
        "pareto-core-shorthands": "^0.2.0"
      },
      "engines": {
        "node": ">=14.0.0"
      }
    },
    "node_modules/pareto-host-nodejs": {
      "version": "0.2.89",
      "resolved": "https://registry.npmjs.org/pareto-host-nodejs/-/pareto-host-nodejs-0.2.89.tgz",
      "integrity": "sha512-Lc+En4Q80pE4DAO4o5vU541MEMldtAlyYx3h8vbaQfB0D+y4QBMXerlLz5egcEzTg0laGoJCmrWJIWW1AyRycQ==",
      "license": "Apache-2.0",
      "dependencies": {
        "pareto-resources": "^0.2.0"
      }
    },
    "node_modules/pareto-resources": {
      "version": "0.2.133",
      "resolved": "https://registry.npmjs.org/pareto-resources/-/pareto-resources-0.2.133.tgz",
      "integrity": "sha512-ImHf8GGrdCLDCcpEZIvGmCFgCaNWBNRimUiyuQu7i8gbGIK/QS2RBW1Mq30EjxS+eRWqqhO5Z7bcN0mRHKpoYQ==",
      "license": "Apache-2.0",
      "dependencies": {
        "liana-core": "^0.1.0",
        "pareto-core": "^0.1.0",
        "pareto-core-dev": "^0.12.0",
        "pareto-fountain-pen": "^0.4.0"
      }
    }
  }
}
