{
  "name": "test",
  "lockfileVersion": 3,
  "requires": true,
  "packages": {
    "": {
      "dependencies": {
        "lib": "file:../lib",
        "pareto-core-dev": "^0.12.0",
        "pareto-host-nodejs": "^0.2.0"
      }
    },
    "../lib": {
      "name": "pareto-untyped-syntax-tree-api",
      "version": "0.1.2",
      "license": "Apache-2.0",
      "dependencies": {
        "pareto-core": "^0.1.0",
        "pareto-fountain-pen": "^0.4.0"
      },
      "engines": {
        "node": ">=14.0.0"
      }
    },
    "node_modules/lib": {
      "resolved": "../lib",
      "link": true
    },
    "node_modules/pareto-application-api": {
      "version": "0.1.3",
      "resolved": "https://registry.npmjs.org/pareto-application-api/-/pareto-application-api-0.1.3.tgz",
      "integrity": "sha512-ulFjiChTIZQN/1VWDUEeKvvBD6/gjQp2hJOZEQlT+k3Q6sINammORtmYRtM8Hgqqj5Srz2YCa9X9UNjtqaG7cA==",
      "license": "Apache-2.0",
      "dependencies": {
        "pareto-core": "^0.1.0"
      }
    },
    "node_modules/pareto-core": {
      "version": "0.1.254",
      "resolved": "https://registry.npmjs.org/pareto-core/-/pareto-core-0.1.254.tgz",
      "integrity": "sha512-YjN/5YXZD5oBT0rU3/hKw8pf/ceh45iGkIospjMguae38MrReXEIjWGM49K9Q4g+GLc9ZN8okU52r9z21Aufjw==",
      "license": "Apache-2.0"
    },
    "node_modules/pareto-core-dev": {
      "version": "0.12.23",
      "resolved": "https://registry.npmjs.org/pareto-core-dev/-/pareto-core-dev-0.12.23.tgz",
      "integrity": "sha512-8QziqPOi/xU0Fn3q15m5yff5ncYhdaiWJRy6VGpBYL4XcNt+jPYZj/HIBY91E3mpoxGkvTvajnaAPZMlCJHzCg==",
      "license": "Apache-2.0",
      "dependencies": {
        "pareto-core": "^0.1.0"
      }
    },
    "node_modules/pareto-host-nodejs": {
      "version": "0.2.91",
      "resolved": "https://registry.npmjs.org/pareto-host-nodejs/-/pareto-host-nodejs-0.2.91.tgz",
      "integrity": "sha512-6VJmiIfD05/pbfD2MVhn/KmR1vela4zfkCTVSifuweG9drL2yA1irM3yZxZgoqu53WJAcR4m2txvYhPBaDaqGQ==",
      "license": "Apache-2.0",
      "dependencies": {
        "pareto-application-api": "^0.1.0"
      }
    }
  }
}
