{
  "name": "pareto-untyped-syntax-tree-api",
  "version": "0.1.8",
  "lockfileVersion": 3,
  "requires": true,
  "packages": {
    "": {
      "name": "pareto-untyped-syntax-tree-api",
      "version": "0.1.8",
      "license": "Apache-2.0",
      "dependencies": {
        "pareto-core": "^0.1.0",
        "pareto-fountain-pen": "^0.4.0"
      },
      "engines": {
        "node": ">=14.0.0"
      }
    },
    "node_modules/astn-core": {
      "version": "0.5.133",
      "resolved": "https://registry.npmjs.org/astn-core/-/astn-core-0.5.133.tgz",
      "integrity": "sha512-vSXH8fzEQksfuT6lJVsyTf1R854a1gg2ddP8YJs8K/vXjJVQJGAOuxGIb0U4MLPijr3RzjzBVZ/ppKj3MKKAoA==",
      "license": "Apache-2.0",
      "dependencies": {
        "pareto-core": "^0.1.0",
        "pareto-fountain-pen": "^0.4.0"
      }
    },
    "node_modules/liana-core": {
      "version": "0.1.39",
      "resolved": "https://registry.npmjs.org/liana-core/-/liana-core-0.1.39.tgz",
      "integrity": "sha512-SY/yIDQtosa/W0q7ZrM4OVcLgRIQwgLUhYcZHZMYW27NJ5O/xpfamYOjllkRvN+Dq+omlMOqsQNXs4I5Wn7gwA==",
      "license": "Apache-2.0",
      "dependencies": {
        "astn-core": "^0.5.0",
        "pareto-core": "^0.1.0",
        "pareto-fountain-pen": "^0.4.0"
      }
    },
    "node_modules/pareto-core": {
      "version": "0.1.265",
      "resolved": "https://registry.npmjs.org/pareto-core/-/pareto-core-0.1.265.tgz",
      "integrity": "sha512-XMbSkeaB0CwSKNpDRlGfzvoYZmFrBNJ7Q6xsrhI92Q+P7O85jybh44YuX2G6JwzCPFgap0duRhDbf6YfP8OrcQ==",
      "license": "Apache-2.0"
    },
    "node_modules/pareto-core-shorthands": {
      "version": "0.2.59",
      "resolved": "https://registry.npmjs.org/pareto-core-shorthands/-/pareto-core-shorthands-0.2.59.tgz",
      "integrity": "sha512-oDuGuPJx1zez+l47LE0gL+oL6Cd0whsed5jKqwNxTDKxs1lxGyl+LBL9UDqgpRvVQn61nUerG+IA77TzeR4fjw==",
      "license": "Apache-2.0",
      "dependencies": {
        "liana-core": "^0.1.0",
        "pareto-core": "^0.1.0"
      }
    },
    "node_modules/pareto-fountain-pen": {
      "version": "0.4.88",
      "resolved": "https://registry.npmjs.org/pareto-fountain-pen/-/pareto-fountain-pen-0.4.88.tgz",
      "integrity": "sha512-KTlk0VBEw5p/l7nQKyeYOQzyDfrTJMaFdFrPdYFz6mfXlWfikyFiltzbF+QF0FiHOaD3FZoDKknuPk6n/JlzBQ==",
      "license": "Apache-2.0",
      "dependencies": {
        "pareto-core": "^0.1.0",
        "pareto-core-shorthands": "^0.2.0"
      },
      "engines": {
        "node": ">=14.0.0"
      }
    }
  }
}
