{
  "name": "pareto-untyped-syntax-tree-api",
  "version": "0.1.1",
  "lockfileVersion": 3,
  "requires": true,
  "packages": {
    "": {
      "name": "pareto-untyped-syntax-tree-api",
      "version": "0.1.1",
      "license": "Apache-2.0",
      "dependencies": {
        "pareto-core": "^0.1.0",
        "pareto-fountain-pen": "^0.4.0"
      },
      "engines": {
        "node": ">=14.0.0"
      }
    },
    "node_modules/astn-core": {
      "version": "0.5.126",
      "resolved": "https://registry.npmjs.org/astn-core/-/astn-core-0.5.126.tgz",
      "integrity": "sha512-CdnYB8wN+BOk0g+UUC2pEbtdqZvPsACRuEMqp5ljW/tRgSjrR3PzOgQ34u1XQlhTkypcfnENBMlPFnjMMMDbJw==",
      "license": "Apache-2.0",
      "dependencies": {
        "pareto-core": "^0.1.0",
        "pareto-fountain-pen": "^0.4.0"
      }
    },
    "node_modules/liana-core": {
      "version": "0.1.34",
      "resolved": "https://registry.npmjs.org/liana-core/-/liana-core-0.1.34.tgz",
      "integrity": "sha512-2awRhnbEGrb7fiiUBzMsQgmgyH/yBjb+ZlZmu2ImlU9/8mhrKfuab1btNwgvmEgITqTwzFV/OjI06a4/YNHVbA==",
      "license": "Apache-2.0",
      "dependencies": {
        "astn-core": "^0.5.0",
        "pareto-core": "^0.1.0"
      }
    },
    "node_modules/pareto-core": {
      "version": "0.1.249",
      "resolved": "https://registry.npmjs.org/pareto-core/-/pareto-core-0.1.249.tgz",
      "integrity": "sha512-wFQsFDzZ/3wEM7xD/URm8yDEEPO9CJEhOF8u9K2DJahrk8cVK37wCnbNydnRW4hQ+cUr3q6sX/H5JvqelzyHbQ==",
      "license": "Apache-2.0"
    },
    "node_modules/pareto-core-shorthands": {
      "version": "0.2.55",
      "resolved": "https://registry.npmjs.org/pareto-core-shorthands/-/pareto-core-shorthands-0.2.55.tgz",
      "integrity": "sha512-PU0X3xm3gdJGRCdomXSERTgDtMhTDTL5bTWNkZti9m+W1Vt4hZ0IujTrugA2YR61vW/hnQZeBR/Fqc1YzhvhPQ==",
      "license": "Apache-2.0",
      "dependencies": {
        "liana-core": "^0.1.0",
        "pareto-core": "^0.1.0"
      }
    },
    "node_modules/pareto-fountain-pen": {
      "version": "0.4.79",
      "resolved": "https://registry.npmjs.org/pareto-fountain-pen/-/pareto-fountain-pen-0.4.79.tgz",
      "integrity": "sha512-3i0nihPhPiIoFKpSFvHGww+MWvnL0r3SPdd5FZRJIZCJokjCvIr81O7O1hNz5N/HsyHjEthMAMVbQ1YPSZZsYQ==",
      "license": "Apache-2.0",
      "dependencies": {
        "pareto-core": "^0.1.0",
        "pareto-core-shorthands": "^0.2.0"
      },
      "engines": {
        "node": ">=14.0.0"
      }
    }
  }
}
