{
  "name": "pareto-untyped-syntax-tree-api",
  "version": "0.1.16",
  "lockfileVersion": 3,
  "requires": true,
  "packages": {
    "": {
      "name": "pareto-untyped-syntax-tree-api",
      "version": "0.1.16",
      "license": "Apache-2.0",
      "dependencies": {
        "pareto-core": "^0.1.0",
        "pareto-fountain-pen": "^0.4.0"
      },
      "engines": {
        "node": ">=14.0.0"
      }
    },
    "node_modules/pareto-core": {
      "version": "0.1.318",
      "resolved": "https://registry.npmjs.org/pareto-core/-/pareto-core-0.1.318.tgz",
      "integrity": "sha512-NqKXSwoJR73RWPUGc97PPMRly1L3V8UOlowUrkcQ6VmYy2LKb/y1Cl1D8yplwFpixQhL9uqJ0yZ81kL7jvfjlQ==",
      "license": "Apache-2.0"
    },
    "node_modules/pareto-core-shorthands": {
      "version": "0.2.62",
      "resolved": "https://registry.npmjs.org/pareto-core-shorthands/-/pareto-core-shorthands-0.2.62.tgz",
      "integrity": "sha512-/SJvh+7MYb3XXZOwnO6OrdeSYQwRzT8iyeWGBReOqYZSr70OFQswA+IJdhE9imNtVn0oG5SuVmVLS9ZM97sbHQ==",
      "license": "Apache-2.0",
      "dependencies": {
        "pareto-core": "^0.1.0"
      }
    },
    "node_modules/pareto-fountain-pen": {
      "version": "0.4.118",
      "resolved": "https://registry.npmjs.org/pareto-fountain-pen/-/pareto-fountain-pen-0.4.118.tgz",
      "integrity": "sha512-BeKeeph2nQnbvXuHxRVyB1a8ie3twKyVIV1pJL6R5kisISk1HJCt8cv3SMcKUAAzUHDjdGd5EJFgQKp33Jp4/w==",
      "license": "Apache-2.0",
      "dependencies": {
        "pareto-core": "^0.1.0",
        "pareto-core-shorthands": "^0.2.0"
      },
      "engines": {
        "node": ">=14.0.0"
      }
    }
  }
}
